{
    "_meta": {
        "hash": {
            "sha256": "3e31247f60685c72c3fc1e5b3a99618d1f85bd394dc43f169374cab10a7bba1e"
        },
        "pipfile-spec": 6,
        "requires": {},
        "sources": [
            {
                "name": "pypi",
                "url": "https://pypi.org/simple",
                "verify_ssl": true
            }
        ]
    },
    "default": {
        "six": {
            "hashes": [
                "sha256:1f1b7d42e254082a9db6279deae68afb421ceba6158efa6131de7b3003ee93fd",
                "sha256:30f610279e8b2578cab6db20741130331735c781b56053c59c4076da27f06b66"
            ],
            "index": "pypi",
            "version": "==1.13.0"
        }
    },
    "develop": {
        "atomicwrites": {
            "hashes": [
                "sha256:03472c30eb2c5d1ba9227e4c2ca66ab8287fbfbbda3888aa93dc2e28fc6811b4",
                "sha256:75a9445bac02d8d058d5e1fe689654ba5a6556a1dfd8ce6ec55a0ed79866cfa6"
            ],
            "markers": "sys_platform == 'win32'",
            "version": "==1.3.0"
        },
        "attrs": {
            "hashes": [
                "sha256:08a96c641c3a74e44eb59afb61a24f2cb9f4d7188748e76ba4bb5edfa3cb7d1c",
                "sha256:f7b7ce16570fe9965acd6d30101a28f62fb4a7f9e926b3bbc9b61f8b04247e72"
            ],
            "version": "==19.3.0"
        },
        "colorama": {
            "hashes": [
                "sha256:7d73d2a99753107a36ac6b455ee49046802e59d9d076ef8e47b61499fa29afff",
                "sha256:e96da0d330793e2cb9485e9ddfd918d456036c7149416295932478192f4436a1"
            ],
            "markers": "sys_platform == 'win32'",
            "version": "==0.4.3"
        },
        "coverage": {
            "hashes": [
                "sha256:018e74df50a58fd2aaa7efeb301d1599d8fd3cc5c92388506e45a2bd0154c003",
                "sha256:0e08415f35cc57b6eb93fb31ec48a2a169ab838e12ac22106cf9baee4938e46d",
                "sha256:1f9c1d9692339a7ec5cf3ba4475fb648675f438db3413b3d98e2c9ed30ac956c",
                "sha256:2643ec874d3aa30a65a36e42042424ce08f80a948e1c942d3d787489ae318a64",
                "sha256:28a19392a6c4616a76e059a03118c8cca28af46d9e72032590ce329e6b30ac40",
                "sha256:32c6be8ba90aa885a4900a0187de44f51730c0660c45de3b943c40f1547d47c2",
                "sha256:4a8b839c3a5579502ffecd4519533d406ad2bec1488724cee4b2c79dd6cbea79",
                "sha256:5061a8c4bba83b7613077d6cfa8e81381c80f134dc7f02853c3235b38f76b8a6",
                "sha256:54770fe39bb4718b5a07665e1f4c676382d6927299ab736149618f0d37d72e85",
                "sha256:5a237fa332721721545e88fbed42e79acbe9c77be8310c167ec5449df44dac7c",
                "sha256:607ed848b1373b161629d0c8228d90dd47ecb342f1f800dc41ebd0bce2432e24",
                "sha256:65929e8d15999450d09117114ee185948bc77637e868daff5f5ab47219e1e7b6",
                "sha256:67a0f5c50503a6226e28fb7ee3c3aa1a104681460d5123eeb80e6afb65ba46a5",
                "sha256:6a70362452ea9c09efe1a7faa365f6603f4a0ef54306a6e5a46e6e32913536fc",
                "sha256:6cf4502b0087f06906059a718e02b231a9f611ae34794a955baa2e443d5064ad",
                "sha256:73f596fcd93d76579b4aefa53b7cf5df90d953a8fd94ebfc9b36d0ba47db4236",
                "sha256:77c90b0a221e6355c771f1b9a6ed45c384f9dff00836823a732f5fe4224cb43a",
                "sha256:8524e47b78fc7eea96a25717e779c5e6657536515dd57dfd1110aff34dc747b6",
                "sha256:85b8db2e8c7e9bdf44e4b5859be2cbeaf73e54cf7cecd6c6705f010110581840",
                "sha256:90389fea98570dc1f155ceae40972fcf798954467c69d810e385b170c34205cd",
                "sha256:9e48182563c7861c47593a4b931a6d57e4e499027913e5fdc61efc0d368e804a",
                "sha256:a5a5f3a9167a5316d675932e455925e136b1e33d15ce48692b94af746736260e",
                "sha256:a7f3be4952f25a0cb8c275cdf064c3ba1765e370f337b015e84a00bb6244c86b",
                "sha256:b2de4918d6d4aea7fe2b6ef778190f60ff4355248045d7b1fbb35922e0ceb39e",
                "sha256:b72f1b6f27cf67b74370cc9df6b7f47546669861aad660587a7c6f2a01728840",
                "sha256:b9b8189f6f8c4a2a09142d95a11f91dff2cac30c9c0b5ab61e3e0a785e960b94",
                "sha256:bd31b194b42e0de4c29fd2c56ad0c493639bcb792c48b694b18568f65f0c2c6d",
                "sha256:be732dcc0e9ca31a15ab5ba116ed7af9b5a046d035a00555ad593f4ddfeb7a00",
                "sha256:bf4131b04dc2bf35e091b2c759d9e741876a235427c001c6d20147cf29797691",
                "sha256:d3021b26f86118c447afccbd53b443dc25b4848f9ae49ffb4b9588cb5110d360",
                "sha256:d500eb1db73cd5cfe28755c790fcb4e3c653b70d30d0ddf79fde3cc603d3789f"
            ],
            "version": "==5.0b2"
        },
        "entrypoints": {
            "hashes": [
                "sha256:589f874b313739ad35be6e0cd7efde2a4e9b6fea91edcc34e58ecbb8dbe56d19",
                "sha256:c70dd71abe5a8c85e55e12c19bd91ccfeec11a6e99044204511f9ed547d48451"
            ],
            "version": "==0.3"
        },
        "flake8": {
            "hashes": [
                "sha256:45681a117ecc81e870cbf1262835ae4af5e7a8b08e40b944a8a6e6b895914cfb",
                "sha256:49356e766643ad15072a789a20915d3c91dc89fd313ccd71802303fd67e4deca"
            ],
            "index": "pypi",
            "version": "==3.7.9"
        },
        "importlib-metadata": {
            "hashes": [
                "sha256:073a852570f92da5f744a3472af1b61e28e9f78ccf0c9117658dc32b15de7b45",
                "sha256:d95141fbfa7ef2ec65cfd945e2af7e5a6ddbd7c8d9a25e66ff3be8e3daf9f60f"
            ],
            "markers": "python_version < '3.8'",
            "version": "==1.3.0"
        },
        "mccabe": {
            "hashes": [
                "sha256:ab8a6258860da4b6677da4bd2fe5dc2c659cff31b3ee4f7f5d64e79735b80d42",
                "sha256:dd8d182285a0fe56bace7f45b5e7d1a6ebcbf524e8f3bd87eb0f125271b8831f"
            ],
            "version": "==0.6.1"
        },
        "more-itertools": {
            "hashes": [
                "sha256:b84b238cce0d9adad5ed87e745778d20a3f8487d0f0cb8b8a586816c7496458d",
                "sha256:c833ef592a0324bcc6a60e48440da07645063c453880c9477ceb22490aec1564"
            ],
            "version": "==8.0.2"
        },
        "naming": {
            "editable": true,
            "path": "."
        },
        "packaging": {
            "hashes": [
                "sha256:28b924174df7a2fa32c1953825ff29c61e2f5e082343165438812f00d3a7fc47",
                "sha256:d9551545c6d761f3def1677baf08ab2a3ca17c56879e70fecba2fc4dde4ed108"
            ],
            "version": "==19.2"
        },
        "pluggy": {
            "hashes": [
                "sha256:15b2acde666561e1298d71b523007ed7364de07029219b604cf808bfa1c765b0",
                "sha256:966c145cd83c96502c3c3868f50408687b38434af77734af1e9ca461a4081d2d"
            ],
            "version": "==0.13.1"
        },
        "py": {
            "hashes": [
                "sha256:64f65755aee5b381cea27766a3a147c3f15b9b6b9ac88676de66ba2ae36793fa",
                "sha256:dc639b046a6e2cff5bbe40194ad65936d6ba360b52b3c3fe1d08a82dd50b5e53"
            ],
            "version": "==1.8.0"
        },
        "pycodestyle": {
            "hashes": [
                "sha256:95a2219d12372f05704562a14ec30bc76b05a5b297b21a5dfe3f6fac3491ae56",
                "sha256:e40a936c9a450ad81df37f549d676d127b1b66000a6c500caa2b085bc0ca976c"
            ],
            "version": "==2.5.0"
        },
        "pyflakes": {
            "hashes": [
                "sha256:17dbeb2e3f4d772725c777fabc446d5634d1038f234e77343108ce445ea69ce0",
                "sha256:d976835886f8c5b31d47970ed689944a0262b5f3afa00a5a7b4dc81e5449f8a2"
            ],
            "version": "==2.1.1"
        },
        "pyparsing": {
            "hashes": [
                "sha256:20f995ecd72f2a1f4bf6b072b63b22e2eb457836601e76d6e5dfcd75436acc1f",
                "sha256:4ca62001be367f01bd3e92ecbb79070272a9d4964dce6a48a82ff0b8bc7e683a"
            ],
            "version": "==2.4.5"
        },
        "pytest": {
            "hashes": [
                "sha256:63344a2e3bce2e4d522fd62b4fdebb647c019f1f9e4ca075debbd13219db4418",
                "sha256:f67403f33b2b1d25a6756184077394167fe5e2f9d8bdaab30707d19ccec35427"
            ],
            "index": "pypi",
            "version": "==5.3.1"
        },
        "pytest-cov": {
            "hashes": [
                "sha256:cc6742d8bac45070217169f5f72ceee1e0e55b0221f54bcf24845972d3a47f2b",
                "sha256:cdbdef4f870408ebdbfeb44e63e07eb18bb4619fae852f6e760645fa36172626"
            ],
            "index": "pypi",
            "version": "==2.8.1"
        },
        "pytest-datafiles": {
            "hashes": [
                "sha256:143329cbb1dbbb07af24f88fa4668e2f59ce233696cf12c49fd1c98d1756dbf9",
                "sha256:e349b6ad7bcca111f3677b7201d3ca81f93b5e09dcfae8ee2be2c3cae9f55bc7"
            ],
            "index": "pypi",
            "version": "==2.0"
        },
        "six": {
            "hashes": [
                "sha256:1f1b7d42e254082a9db6279deae68afb421ceba6158efa6131de7b3003ee93fd",
                "sha256:30f610279e8b2578cab6db20741130331735c781b56053c59c4076da27f06b66"
            ],
            "index": "pypi",
            "version": "==1.13.0"
        },
        "wcwidth": {
            "hashes": [
                "sha256:3df37372226d6e63e1b1e1eda15c594bca98a22d33a23832a90998faa96bc65e",
                "sha256:f4ebe71925af7b40a864553f761ed559b43544f8f71746c2d756c7fe788ade7c"
            ],
            "version": "==0.1.7"
        },
        "zipp": {
            "hashes": [
                "sha256:3718b1cbcd963c7d4c5511a8240812904164b7f381b647143a89d3b98f9bcd8e",
                "sha256:f06903e9f1f43b12d371004b4ac7b06ab39a44adc747266928ae6debfa7b3335"
            ],
            "version": "==0.6.0"
        }
    }
}
